
Microsoft Visual Studio Solution File, Format Version 12.00
# Visual Studio Version 17
VisualStudioVersion = 17.2.32422.2
MinimumVisualStudioVersion = 10.0.40219.1
Project("{FAE04EC0-301F-11D3-BF4B-00C04F79EFBC}") = "SignalRSample", "SignalRSample\SignalRSample.csproj", "{EFDFC4AB-0BAA-4AF6-96D8-A695CE43CBB5}"
EndProject
Global
	GlobalSection(SolutionConfigurationPlatforms) = preSolution
		Debug|Any CPU = Debug|Any CPU
		Release|Any CPU = Release|Any CPU
	EndGlobalSection
	GlobalSection(ProjectConfigurationPlatforms) = postSolution
		{EFDFC4AB-0BAA-4AF6-96D8-A695CE43CBB5}.Debug|Any CPU.ActiveCfg = Debug|Any CPU
		{EFDFC4AB-0BAA-4AF6-96D8-A695CE43CBB5}.Debug|Any CPU.Build.0 = Debug|Any CPU
		{EFDFC4AB-0BAA-4AF6-96D8-A695CE43CBB5}.Release|Any CPU.ActiveCfg = Release|Any CPU
		{EFDFC4AB-0BAA-4AF6-96D8-A695CE43CBB5}.Release|Any CPU.Build.0 = Release|Any CPU
	EndGlobalSection
	GlobalSection(SolutionProperties) = preSolution
		HideSolutionNode = FALSE
	EndGlobalSection
	GlobalSection(ExtensibilityGlobals) = postSolution
		SolutionGuid = {B4865A42-EBC4-45D8-8B39-4F6AE46DB126}
	EndGlobalSection
EndGlobal
